
Microsoft Visual Studio Solution File, Format Version 12.00
# Visual Studio Version 17
VisualStudioVersion = 17.12.35527.113
MinimumVisualStudioVersion = 10.0.40219.1
Project("{9A19103F-16F7-4668-BE54-9A1E7A4F7556}") = "ClarifEye.Data", "ClarifEye.Data\ClarifEye.Data.csproj", "{7F2F8068-4007-446C-8E54-A48A36E745F5}"
EndProject
Project("{9A19103F-16F7-4668-BE54-9A1E7A4F7556}") = "ClarifEye.Web", "ClarifEye.Web\ClarifEye.Web.csproj", "{3FCFEE02-2E61-4099-85AC-32027744689C}"
EndProject
Project("{9A19103F-16F7-4668-BE54-9A1E7A4F7556}") = "ClarifEye.Infrastructure", "ClarifEye.Infrastructure\ClarifEye.Infrastructure.csproj", "{D0F417CF-E080-4064-9BAE-2AD3C84783AE}"
EndProject
Project("{FAE04EC0-301F-11D3-BF4B-00C04F79EFBC}") = "ClarifEye.Common", "ClarifEye.Common\ClarifEye.Common.csproj", "{089BEE1E-D1EE-4BA5-9B74-A203F3FC95D8}"
EndProject
Global
	GlobalSection(SolutionConfigurationPlatforms) = preSolution
		Debug|Any CPU = Debug|Any CPU
		Release|Any CPU = Release|Any CPU
	EndGlobalSection
	GlobalSection(ProjectConfigurationPlatforms) = postSolution
		{7F2F8068-4007-446C-8E54-A48A36E745F5}.Debug|Any CPU.ActiveCfg = Debug|Any CPU
		{7F2F8068-4007-446C-8E54-A48A36E745F5}.Debug|Any CPU.Build.0 = Debug|Any CPU
		{7F2F8068-4007-446C-8E54-A48A36E745F5}.Release|Any CPU.ActiveCfg = Release|Any CPU
		{7F2F8068-4007-446C-8E54-A48A36E745F5}.Release|Any CPU.Build.0 = Release|Any CPU
		{3FCFEE02-2E61-4099-85AC-32027744689C}.Debug|Any CPU.ActiveCfg = Debug|Any CPU
		{3FCFEE02-2E61-4099-85AC-32027744689C}.Debug|Any CPU.Build.0 = Debug|Any CPU
		{3FCFEE02-2E61-4099-85AC-32027744689C}.Release|Any CPU.ActiveCfg = Release|Any CPU
		{3FCFEE02-2E61-4099-85AC-32027744689C}.Release|Any CPU.Build.0 = Release|Any CPU
		{D0F417CF-E080-4064-9BAE-2AD3C84783AE}.Debug|Any CPU.ActiveCfg = Debug|Any CPU
		{D0F417CF-E080-4064-9BAE-2AD3C84783AE}.Debug|Any CPU.Build.0 = Debug|Any CPU
		{D0F417CF-E080-4064-9BAE-2AD3C84783AE}.Release|Any CPU.ActiveCfg = Release|Any CPU
		{D0F417CF-E080-4064-9BAE-2AD3C84783AE}.Release|Any CPU.Build.0 = Release|Any CPU
		{089BEE1E-D1EE-4BA5-9B74-A203F3FC95D8}.Debug|Any CPU.ActiveCfg = Debug|Any CPU
		{089BEE1E-D1EE-4BA5-9B74-A203F3FC95D8}.Debug|Any CPU.Build.0 = Debug|Any CPU
		{089BEE1E-D1EE-4BA5-9B74-A203F3FC95D8}.Release|Any CPU.ActiveCfg = Release|Any CPU
		{089BEE1E-D1EE-4BA5-9B74-A203F3FC95D8}.Release|Any CPU.Build.0 = Release|Any CPU
	EndGlobalSection
	GlobalSection(SolutionProperties) = preSolution
		HideSolutionNode = FALSE
	EndGlobalSection
	GlobalSection(ExtensibilityGlobals) = postSolution
		SolutionGuid = {8B8BE8D6-F320-49AD-A6A0-7682A889A802}
	EndGlobalSection
EndGlobal
